<?xml version="1.0" encoding="UTF-8" standalone="yes" ?>
<CodeBlocks_project_file>
	<FileVersion major="1" minor="6" />
	<Project>
		<Option title="res" />
		<Option pch_mode="2" />
		<Option compiler="gcc" />
		<Build>
			<Target title="Debug">
				<Option output="bin/Debug/res" prefix_auto="1" extension_auto="1" />
				<Option object_output="obj/Debug/" />
				<Option type="1" />
				<Option compiler="gcc" />
				<Option parameters='&quot;byo.txt&quot;' />
				<Compiler>
					<Add option="-g" />
				</Compiler>
			</Target>
			<Target title="Release">
				<Option output="bin/Release/res" prefix_auto="1" extension_auto="1" />
				<Option object_output="obj/Release/" />
				<Option type="1" />
				<Option compiler="gcc" />
				<Option parameters='&quot;byo.txt&quot;' />
				<Compiler>
					<Add option="-O2" />
				</Compiler>
				<Linker>
					<Add option="-s" />
				</Linker>
			</Target>
		</Build>
		<Compiler>
			<Add option="-Wall" />
		</Compiler>
		<Linker>
			<Add library="../source/menuCustom/libMenuCustom.a" />
			<Add library="../source/strValidators/libStrValidators.a" />
		</Linker>
		<Unit filename="../source/Ejercicios/Ejercicio_3_5/exports.h" />
		<Unit filename="../source/Ejercicios/Ejercicio_3_5/funciones.c">
			<Option compilerVar="CC" />
		</Unit>
		<Unit filename="../source/Ejercicios/Ejercicio_3_5/funciones.h" />
		<Unit filename="../source/Ejercicios/Ejercicio_3_5/main.c">
			<Option compilerVar="CC" />
		</Unit>
		<Unit filename="../source/Ejercicios/impuestosVencidos/exports.h" />
		<Unit filename="../source/Ejercicios/impuestosVencidos/impuestosVencidos.c">
			<Option compilerVar="CC" />
		</Unit>
		<Unit filename="../source/Ejercicios/impuestosVencidos/impuestosVencidos.h" />
		<Unit filename="../source/Ejercicios/impuestosVencidos/lotePrueba/lotePrueba.c">
			<Option compilerVar="CC" />
		</Unit>
		<Unit filename="../source/Ejercicios/impuestosVencidos/lotePrueba/lotePrueba.h" />
		<Unit filename="../source/Ejercicios/impuestosVencidos/main.c">
			<Option compilerVar="CC" />
		</Unit>
		<Unit filename="../source/Ejercicios/localidadesMayorSuperficie/exports.h" />
		<Unit filename="../source/Ejercicios/localidadesMayorSuperficie/locMayorSup.c">
			<Option compilerVar="CC" />
		</Unit>
		<Unit filename="../source/Ejercicios/localidadesMayorSuperficie/locMayorSup.h" />
		<Unit filename="../source/Ejercicios/localidadesMayorSuperficie/lotePrueba/lotePrueba.c">
			<Option compilerVar="CC" />
		</Unit>
		<Unit filename="../source/Ejercicios/localidadesMayorSuperficie/lotePrueba/lotePrueba.h" />
		<Unit filename="../source/Ejercicios/localidadesMayorSuperficie/main.c">
			<Option compilerVar="CC" />
		</Unit>
		<Unit filename="../source/arbolBinBusq/arbol.c">
			<Option compilerVar="CC" />
		</Unit>
		<Unit filename="../source/arbolBinBusq/arbol.h" />
		<Unit filename="../source/colaDinamica/cola.c">
			<Option compilerVar="CC" />
		</Unit>
		<Unit filename="../source/colaDinamica/cola.h" />
		<Unit filename="../source/lista/lista.c">
			<Option compilerVar="CC" />
		</Unit>
		<Unit filename="../source/lista/lista.h" />
		<Unit filename="../source/menuCustom/menuCustom.h" />
		<Unit filename="../source/menuDisplay/disp.c">
			<Option compilerVar="CC" />
		</Unit>
		<Unit filename="../source/menuDisplay/disp.h" />
		<Unit filename="../source/strValidators/strValidators.c">
			<Option compilerVar="CC" />
		</Unit>
		<Unit filename="../source/strValidators/strValidators.h" />
		<Unit filename="imports.h" />
		<Unit filename="main.c">
			<Option compilerVar="CC" />
		</Unit>
		<Extensions>
			<lib_finder disable_auto="1" />
		</Extensions>
	</Project>
</CodeBlocks_project_file>
